
Microsoft Visual Studio Solution File, Format Version 12.00
# Visual Studio 15
VisualStudioVersion = 15.0.28307.438
MinimumVisualStudioVersion = 10.0.40219.1
Project("{FAE04EC0-301F-11D3-BF4B-00C04F79EFBC}") = "AspNetCoreMicro", "AspNetCoreMicro\AspNetCoreMicro.csproj", "{BB742A58-84BA-4B9E-8E12-B08FB5C43C24}"
EndProject
Project("{FAE04EC0-301F-11D3-BF4B-00C04F79EFBC}") = "QueryConsul1", "QueryConsul1\QueryConsul1.csproj", "{09980569-C090-4B19-A5CB-13A5D9BFDF4A}"
EndProject
Project("{FAE04EC0-301F-11D3-BF4B-00C04F79EFBC}") = "RestTools", "RestTools\RestTools.csproj", "{88B183B5-DFB8-4204-9424-EFA120E2D1E4}"
EndProject
Project("{FAE04EC0-301F-11D3-BF4B-00C04F79EFBC}") = "PollyTestConsoleApp", "PollyTestConsoleApp\PollyTestConsoleApp.csproj", "{C85EF3A0-161B-4EFD-BC70-67F3AD37A832}"
EndProject
Project("{FAE04EC0-301F-11D3-BF4B-00C04F79EFBC}") = "AspectCoreConsoleApp", "AspectCoreConsoleApp\AspectCoreConsoleApp.csproj", "{DAAD7648-5658-4188-A551-4EEBA3484931}"
EndProject
Project("{FAE04EC0-301F-11D3-BF4B-00C04F79EFBC}") = "HystrixTestConsoleApp", "HystrixTestConsoleApp\HystrixTestConsoleApp.csproj", "{0B49B18B-D234-4473-A7EB-EC544885562E}"
EndProject
Project("{FAE04EC0-301F-11D3-BF4B-00C04F79EFBC}") = "AspNetCoreHystrix", "AspNetCoreHystrix\AspNetCoreHystrix.csproj", "{ED26B4B5-CFE7-41F6-B197-102362BD6312}"
EndProject
Project("{FAE04EC0-301F-11D3-BF4B-00C04F79EFBC}") = "OcelotWebApplication", "OcelotWebApplication\OcelotWebApplication.csproj", "{FC5F2127-4EEC-4A9E-9B66-358ABE808085}"
EndProject
Project("{FAE04EC0-301F-11D3-BF4B-00C04F79EFBC}") = "SMSWebApplication", "SMSWebApplication\SMSWebApplication.csproj", "{C6487594-A17E-4E70-9F4C-20F3BBED5886}"
EndProject
Project("{FAE04EC0-301F-11D3-BF4B-00C04F79EFBC}") = "EmailWebApplication", "EmailWebApplication\EmailWebApplication.csproj", "{4F8E799F-A32A-417F-80CD-1DB839CBA310}"
EndProject
Project("{FAE04EC0-301F-11D3-BF4B-00C04F79EFBC}") = "JwtTestWebApplication", "JwtTestWebApplication\JwtTestWebApplication.csproj", "{311FFDBD-AF5A-4A30-AABA-9304F4F3C5CC}"
EndProject
Project("{FAE04EC0-301F-11D3-BF4B-00C04F79EFBC}") = "TokenServerWebApplication", "TokenServerWebApplication\TokenServerWebApplication.csproj", "{3CF5EA04-36C1-4883-871D-C312144711C3}"
EndProject
Global
	GlobalSection(SolutionConfigurationPlatforms) = preSolution
		Debug|Any CPU = Debug|Any CPU
		Release|Any CPU = Release|Any CPU
	EndGlobalSection
	GlobalSection(ProjectConfigurationPlatforms) = postSolution
		{BB742A58-84BA-4B9E-8E12-B08FB5C43C24}.Debug|Any CPU.ActiveCfg = Debug|Any CPU
		{BB742A58-84BA-4B9E-8E12-B08FB5C43C24}.Debug|Any CPU.Build.0 = Debug|Any CPU
		{BB742A58-84BA-4B9E-8E12-B08FB5C43C24}.Release|Any CPU.ActiveCfg = Release|Any CPU
		{BB742A58-84BA-4B9E-8E12-B08FB5C43C24}.Release|Any CPU.Build.0 = Release|Any CPU
		{09980569-C090-4B19-A5CB-13A5D9BFDF4A}.Debug|Any CPU.ActiveCfg = Debug|Any CPU
		{09980569-C090-4B19-A5CB-13A5D9BFDF4A}.Debug|Any CPU.Build.0 = Debug|Any CPU
		{09980569-C090-4B19-A5CB-13A5D9BFDF4A}.Release|Any CPU.ActiveCfg = Release|Any CPU
		{09980569-C090-4B19-A5CB-13A5D9BFDF4A}.Release|Any CPU.Build.0 = Release|Any CPU
		{88B183B5-DFB8-4204-9424-EFA120E2D1E4}.Debug|Any CPU.ActiveCfg = Debug|Any CPU
		{88B183B5-DFB8-4204-9424-EFA120E2D1E4}.Debug|Any CPU.Build.0 = Debug|Any CPU
		{88B183B5-DFB8-4204-9424-EFA120E2D1E4}.Release|Any CPU.ActiveCfg = Release|Any CPU
		{88B183B5-DFB8-4204-9424-EFA120E2D1E4}.Release|Any CPU.Build.0 = Release|Any CPU
		{C85EF3A0-161B-4EFD-BC70-67F3AD37A832}.Debug|Any CPU.ActiveCfg = Debug|Any CPU
		{C85EF3A0-161B-4EFD-BC70-67F3AD37A832}.Debug|Any CPU.Build.0 = Debug|Any CPU
		{C85EF3A0-161B-4EFD-BC70-67F3AD37A832}.Release|Any CPU.ActiveCfg = Release|Any CPU
		{C85EF3A0-161B-4EFD-BC70-67F3AD37A832}.Release|Any CPU.Build.0 = Release|Any CPU
		{DAAD7648-5658-4188-A551-4EEBA3484931}.Debug|Any CPU.ActiveCfg = Debug|Any CPU
		{DAAD7648-5658-4188-A551-4EEBA3484931}.Debug|Any CPU.Build.0 = Debug|Any CPU
		{DAAD7648-5658-4188-A551-4EEBA3484931}.Release|Any CPU.ActiveCfg = Release|Any CPU
		{DAAD7648-5658-4188-A551-4EEBA3484931}.Release|Any CPU.Build.0 = Release|Any CPU
		{0B49B18B-D234-4473-A7EB-EC544885562E}.Debug|Any CPU.ActiveCfg = Debug|Any CPU
		{0B49B18B-D234-4473-A7EB-EC544885562E}.Debug|Any CPU.Build.0 = Debug|Any CPU
		{0B49B18B-D234-4473-A7EB-EC544885562E}.Release|Any CPU.ActiveCfg = Release|Any CPU
		{0B49B18B-D234-4473-A7EB-EC544885562E}.Release|Any CPU.Build.0 = Release|Any CPU
		{ED26B4B5-CFE7-41F6-B197-102362BD6312}.Debug|Any CPU.ActiveCfg = Debug|Any CPU
		{ED26B4B5-CFE7-41F6-B197-102362BD6312}.Debug|Any CPU.Build.0 = Debug|Any CPU
		{ED26B4B5-CFE7-41F6-B197-102362BD6312}.Release|Any CPU.ActiveCfg = Release|Any CPU
		{ED26B4B5-CFE7-41F6-B197-102362BD6312}.Release|Any CPU.Build.0 = Release|Any CPU
		{FC5F2127-4EEC-4A9E-9B66-358ABE808085}.Debug|Any CPU.ActiveCfg = Debug|Any CPU
		{FC5F2127-4EEC-4A9E-9B66-358ABE808085}.Debug|Any CPU.Build.0 = Debug|Any CPU
		{FC5F2127-4EEC-4A9E-9B66-358ABE808085}.Release|Any CPU.ActiveCfg = Release|Any CPU
		{FC5F2127-4EEC-4A9E-9B66-358ABE808085}.Release|Any CPU.Build.0 = Release|Any CPU
		{C6487594-A17E-4E70-9F4C-20F3BBED5886}.Debug|Any CPU.ActiveCfg = Debug|Any CPU
		{C6487594-A17E-4E70-9F4C-20F3BBED5886}.Debug|Any CPU.Build.0 = Debug|Any CPU
		{C6487594-A17E-4E70-9F4C-20F3BBED5886}.Release|Any CPU.ActiveCfg = Release|Any CPU
		{C6487594-A17E-4E70-9F4C-20F3BBED5886}.Release|Any CPU.Build.0 = Release|Any CPU
		{4F8E799F-A32A-417F-80CD-1DB839CBA310}.Debug|Any CPU.ActiveCfg = Debug|Any CPU
		{4F8E799F-A32A-417F-80CD-1DB839CBA310}.Debug|Any CPU.Build.0 = Debug|Any CPU
		{4F8E799F-A32A-417F-80CD-1DB839CBA310}.Release|Any CPU.ActiveCfg = Release|Any CPU
		{4F8E799F-A32A-417F-80CD-1DB839CBA310}.Release|Any CPU.Build.0 = Release|Any CPU
		{311FFDBD-AF5A-4A30-AABA-9304F4F3C5CC}.Debug|Any CPU.ActiveCfg = Debug|Any CPU
		{311FFDBD-AF5A-4A30-AABA-9304F4F3C5CC}.Debug|Any CPU.Build.0 = Debug|Any CPU
		{311FFDBD-AF5A-4A30-AABA-9304F4F3C5CC}.Release|Any CPU.ActiveCfg = Release|Any CPU
		{311FFDBD-AF5A-4A30-AABA-9304F4F3C5CC}.Release|Any CPU.Build.0 = Release|Any CPU
		{3CF5EA04-36C1-4883-871D-C312144711C3}.Debug|Any CPU.ActiveCfg = Debug|Any CPU
		{3CF5EA04-36C1-4883-871D-C312144711C3}.Debug|Any CPU.Build.0 = Debug|Any CPU
		{3CF5EA04-36C1-4883-871D-C312144711C3}.Release|Any CPU.ActiveCfg = Release|Any CPU
		{3CF5EA04-36C1-4883-871D-C312144711C3}.Release|Any CPU.Build.0 = Release|Any CPU
	EndGlobalSection
	GlobalSection(SolutionProperties) = preSolution
		HideSolutionNode = FALSE
	EndGlobalSection
	GlobalSection(ExtensibilityGlobals) = postSolution
		SolutionGuid = {516EF61F-3A4D-4966-9916-73ABE1CDFF25}
	EndGlobalSection
EndGlobal
